// !$*UTF8*$!
{
	archiveVersion = 1;
	classes = {
	};
	objectVersion = 56;
	objects = {

/* Begin PBXBuildFile section */
		872CAB252B4E866500AE1F8A /* TabBarController.swift in Sources */ = {isa = PBXBuildFile; fileRef = 872CAB242B4E866500AE1F8A /* TabBarController.swift */; };
		872CAB282B4E88F700AE1F8A /* TrackersViewController.swift in Sources */ = {isa = PBXBuildFile; fileRef = 872CAB272B4E88F700AE1F8A /* TrackersViewController.swift */; };
		872CAB2A2B4E890F00AE1F8A /* StatisticViewController.swift in Sources */ = {isa = PBXBuildFile; fileRef = 872CAB292B4E890F00AE1F8A /* StatisticViewController.swift */; };
		8738D8EF2B57F02E00D6975E /* TrackerCell.swift in Sources */ = {isa = PBXBuildFile; fileRef = 8738D8EE2B57F02E00D6975E /* TrackerCell.swift */; };
		8772052B2B4BE87E0075D94F /* AppDelegate.swift in Sources */ = {isa = PBXBuildFile; fileRef = 8772052A2B4BE87E0075D94F /* AppDelegate.swift */; };
		8772052D2B4BE87E0075D94F /* SceneDelegate.swift in Sources */ = {isa = PBXBuildFile; fileRef = 8772052C2B4BE87E0075D94F /* SceneDelegate.swift */; };
		8772052F2B4BE87E0075D94F /* ViewController.swift in Sources */ = {isa = PBXBuildFile; fileRef = 8772052E2B4BE87E0075D94F /* ViewController.swift */; };
		877205342B4BE8800075D94F /* Assets.xcassets in Resources */ = {isa = PBXBuildFile; fileRef = 877205332B4BE8800075D94F /* Assets.xcassets */; };
		877205372B4BE8800075D94F /* LaunchScreen.storyboard in Resources */ = {isa = PBXBuildFile; fileRef = 877205352B4BE8800075D94F /* LaunchScreen.storyboard */; };
		878A07BE2B555F050082BD0B /* Tracker.swift in Sources */ = {isa = PBXBuildFile; fileRef = 878A07BD2B555F050082BD0B /* Tracker.swift */; };
		878A07C02B555F2F0082BD0B /* TrackerCategory.swift in Sources */ = {isa = PBXBuildFile; fileRef = 878A07BF2B555F2F0082BD0B /* TrackerCategory.swift */; };
		878A07C22B555F490082BD0B /* TrackerRecord.swift in Sources */ = {isa = PBXBuildFile; fileRef = 878A07C12B555F490082BD0B /* TrackerRecord.swift */; };
		87988B092B5E70D200342625 /* GeometricParams.swift in Sources */ = {isa = PBXBuildFile; fileRef = 87988B082B5E70D200342625 /* GeometricParams.swift */; };
		87988B0D2B5E77FD00342625 /* TrackerSelectionViewController.swift in Sources */ = {isa = PBXBuildFile; fileRef = 87988B0C2B5E77FD00342625 /* TrackerSelectionViewController.swift */; };
		87988B102B5E84D600342625 /* HabitFormViewController.swift in Sources */ = {isa = PBXBuildFile; fileRef = 87988B0F2B5E84D600342625 /* HabitFormViewController.swift */; };
		87988B132B5E91AB00342625 /* Button.swift in Sources */ = {isa = PBXBuildFile; fileRef = 87988B122B5E91AB00342625 /* Button.swift */; };
		87988B152B5E985800342625 /* TextField.swift in Sources */ = {isa = PBXBuildFile; fileRef = 87988B142B5E985800342625 /* TextField.swift */; };
		87988B182B5E98A700342625 /* TextField + extension.swift in Sources */ = {isa = PBXBuildFile; fileRef = 87988B172B5E98A700342625 /* TextField + extension.swift */; };
		87988B202B5EA93300342625 /* UITableViewCell + extension.swift in Sources */ = {isa = PBXBuildFile; fileRef = 87988B1F2B5EA93300342625 /* UITableViewCell + extension.swift */; };
		87988B222B5EAA7A00342625 /* UITableView + extension.swift in Sources */ = {isa = PBXBuildFile; fileRef = 87988B212B5EAA7900342625 /* UITableView + extension.swift */; };
/* End PBXBuildFile section */

/* Begin PBXFileReference section */
		872CAB242B4E866500AE1F8A /* TabBarController.swift */ = {isa = PBXFileReference; lastKnownFileType = sourcecode.swift; path = TabBarController.swift; sourceTree = "<group>"; };
		872CAB272B4E88F700AE1F8A /* TrackersViewController.swift */ = {isa = PBXFileReference; lastKnownFileType = sourcecode.swift; path = TrackersViewController.swift; sourceTree = "<group>"; };
		872CAB292B4E890F00AE1F8A /* StatisticViewController.swift */ = {isa = PBXFileReference; lastKnownFileType = sourcecode.swift; path = StatisticViewController.swift; sourceTree = "<group>"; };
		8738D8EE2B57F02E00D6975E /* TrackerCell.swift */ = {isa = PBXFileReference; lastKnownFileType = sourcecode.swift; path = TrackerCell.swift; sourceTree = "<group>"; };
		877205272B4BE87E0075D94F /* Tracker.app */ = {isa = PBXFileReference; explicitFileType = wrapper.application; includeInIndex = 0; path = Tracker.app; sourceTree = BUILT_PRODUCTS_DIR; };
		8772052A2B4BE87E0075D94F /* AppDelegate.swift */ = {isa = PBXFileReference; lastKnownFileType = sourcecode.swift; path = AppDelegate.swift; sourceTree = "<group>"; };
		8772052C2B4BE87E0075D94F /* SceneDelegate.swift */ = {isa = PBXFileReference; lastKnownFileType = sourcecode.swift; path = SceneDelegate.swift; sourceTree = "<group>"; };
		8772052E2B4BE87E0075D94F /* ViewController.swift */ = {isa = PBXFileReference; lastKnownFileType = sourcecode.swift; path = ViewController.swift; sourceTree = "<group>"; };
		877205332B4BE8800075D94F /* Assets.xcassets */ = {isa = PBXFileReference; lastKnownFileType = folder.assetcatalog; path = Assets.xcassets; sourceTree = "<group>"; };
		877205362B4BE8800075D94F /* Base */ = {isa = PBXFileReference; lastKnownFileType = file.storyboard; name = Base; path = Base.lproj/LaunchScreen.storyboard; sourceTree = "<group>"; };
		877205382B4BE8800075D94F /* Info.plist */ = {isa = PBXFileReference; lastKnownFileType = text.plist.xml; path = Info.plist; sourceTree = "<group>"; };
		878A07BD2B555F050082BD0B /* Tracker.swift */ = {isa = PBXFileReference; lastKnownFileType = sourcecode.swift; path = Tracker.swift; sourceTree = "<group>"; };
		878A07BF2B555F2F0082BD0B /* TrackerCategory.swift */ = {isa = PBXFileReference; lastKnownFileType = sourcecode.swift; path = TrackerCategory.swift; sourceTree = "<group>"; };
		878A07C12B555F490082BD0B /* TrackerRecord.swift */ = {isa = PBXFileReference; lastKnownFileType = sourcecode.swift; path = TrackerRecord.swift; sourceTree = "<group>"; };
		87988B082B5E70D200342625 /* GeometricParams.swift */ = {isa = PBXFileReference; lastKnownFileType = sourcecode.swift; path = GeometricParams.swift; sourceTree = "<group>"; };
		87988B0C2B5E77FD00342625 /* TrackerSelectionViewController.swift */ = {isa = PBXFileReference; lastKnownFileType = sourcecode.swift; path = TrackerSelectionViewController.swift; sourceTree = "<group>"; };
		87988B0F2B5E84D600342625 /* HabitFormViewController.swift */ = {isa = PBXFileReference; lastKnownFileType = sourcecode.swift; path = HabitFormViewController.swift; sourceTree = "<group>"; };
		87988B122B5E91AB00342625 /* Button.swift */ = {isa = PBXFileReference; lastKnownFileType = sourcecode.swift; path = Button.swift; sourceTree = "<group>"; };
		87988B142B5E985800342625 /* TextField.swift */ = {isa = PBXFileReference; lastKnownFileType = sourcecode.swift; path = TextField.swift; sourceTree = "<group>"; };
		87988B172B5E98A700342625 /* TextField + extension.swift */ = {isa = PBXFileReference; lastKnownFileType = sourcecode.swift; path = "TextField + extension.swift"; sourceTree = "<group>"; };
		87988B1F2B5EA93300342625 /* UITableViewCell + extension.swift */ = {isa = PBXFileReference; lastKnownFileType = sourcecode.swift; path = "UITableViewCell + extension.swift"; sourceTree = "<group>"; };
		87988B212B5EAA7900342625 /* UITableView + extension.swift */ = {isa = PBXFileReference; lastKnownFileType = sourcecode.swift; path = "UITableView + extension.swift"; sourceTree = "<group>"; };
/* End PBXFileReference section */

/* Begin PBXFrameworksBuildPhase section */
		877205242B4BE87E0075D94F /* Frameworks */ = {
			isa = PBXFrameworksBuildPhase;
			buildActionMask = 2147483647;
			files = (
			);
			runOnlyForDeploymentPostprocessing = 0;
		};
/* End PBXFrameworksBuildPhase section */

/* Begin PBXGroup section */
		872CAB222B4E863A00AE1F8A /* Presentation */ = {
			isa = PBXGroup;
			children = (
				87988B112B5E917D00342625 /* Views */,
				87988B0B2B5E77AC00342625 /* TrackerForm */,
				87988B062B5E708800342625 /* TrackersViewController */,
				87988B072B5E709800342625 /* StatisticViewController */,
				872CAB232B4E864B00AE1F8A /* TabBarController */,
			);
			path = Presentation;
			sourceTree = "<group>";
		};
		872CAB232B4E864B00AE1F8A /* TabBarController */ = {
			isa = PBXGroup;
			children = (
				872CAB242B4E866500AE1F8A /* TabBarController.swift */,
			);
			path = TabBarController;
			sourceTree = "<group>";
		};
		8772051E2B4BE87E0075D94F = {
			isa = PBXGroup;
			children = (
				877205292B4BE87E0075D94F /* Tracker */,
				877205282B4BE87E0075D94F /* Products */,
			);
			sourceTree = "<group>";
		};
		877205282B4BE87E0075D94F /* Products */ = {
			isa = PBXGroup;
			children = (
				877205272B4BE87E0075D94F /* Tracker.app */,
			);
			name = Products;
			sourceTree = "<group>";
		};
		877205292B4BE87E0075D94F /* Tracker */ = {
			isa = PBXGroup;
			children = (
				878A07BC2B555EF00082BD0B /* Models */,
				872CAB222B4E863A00AE1F8A /* Presentation */,
				87988B162B5E988400342625 /* Helpers */,
				8772052A2B4BE87E0075D94F /* AppDelegate.swift */,
				8772052C2B4BE87E0075D94F /* SceneDelegate.swift */,
				8772052E2B4BE87E0075D94F /* ViewController.swift */,
				877205332B4BE8800075D94F /* Assets.xcassets */,
				877205352B4BE8800075D94F /* LaunchScreen.storyboard */,
				877205382B4BE8800075D94F /* Info.plist */,
			);
			path = Tracker;
			sourceTree = "<group>";
		};
		878A07BC2B555EF00082BD0B /* Models */ = {
			isa = PBXGroup;
			children = (
				878A07BD2B555F050082BD0B /* Tracker.swift */,
				878A07BF2B555F2F0082BD0B /* TrackerCategory.swift */,
				878A07C12B555F490082BD0B /* TrackerRecord.swift */,
			);
			path = Models;
			sourceTree = "<group>";
		};
		87988B062B5E708800342625 /* TrackersViewController */ = {
			isa = PBXGroup;
			children = (
				872CAB272B4E88F700AE1F8A /* TrackersViewController.swift */,
				8738D8EE2B57F02E00D6975E /* TrackerCell.swift */,
				87988B082B5E70D200342625 /* GeometricParams.swift */,
			);
			path = TrackersViewController;
			sourceTree = "<group>";
		};
		87988B072B5E709800342625 /* StatisticViewController */ = {
			isa = PBXGroup;
			children = (
				872CAB292B4E890F00AE1F8A /* StatisticViewController.swift */,
			);
			path = StatisticViewController;
			sourceTree = "<group>";
		};
		87988B0B2B5E77AC00342625 /* TrackerForm */ = {
			isa = PBXGroup;
			children = (
				87988B0E2B5E84B100342625 /* HabitFormViewController */,
				87988B0C2B5E77FD00342625 /* TrackerSelectionViewController.swift */,
			);
			path = TrackerForm;
			sourceTree = "<group>";
		};
		87988B0E2B5E84B100342625 /* HabitFormViewController */ = {
			isa = PBXGroup;
			children = (
				87988B0F2B5E84D600342625 /* HabitFormViewController.swift */,
			);
			path = HabitFormViewController;
			sourceTree = "<group>";
		};
		87988B112B5E917D00342625 /* Views */ = {
			isa = PBXGroup;
			children = (
				87988B122B5E91AB00342625 /* Button.swift */,
				87988B142B5E985800342625 /* TextField.swift */,
			);
			path = Views;
			sourceTree = "<group>";
		};
		87988B162B5E988400342625 /* Helpers */ = {
			isa = PBXGroup;
			children = (
				87988B172B5E98A700342625 /* TextField + extension.swift */,
				87988B1F2B5EA93300342625 /* UITableViewCell + extension.swift */,
				87988B212B5EAA7900342625 /* UITableView + extension.swift */,
			);
			path = Helpers;
			sourceTree = "<group>";
		};
/* End PBXGroup section */

/* Begin PBXNativeTarget section */
		877205262B4BE87E0075D94F /* Tracker */ = {
			isa = PBXNativeTarget;
			buildConfigurationList = 8772053B2B4BE8800075D94F /* Build configuration list for PBXNativeTarget "Tracker" */;
			buildPhases = (
				877205232B4BE87E0075D94F /* Sources */,
				877205242B4BE87E0075D94F /* Frameworks */,
				877205252B4BE87E0075D94F /* Resources */,
			);
			buildRules = (
			);
			dependencies = (
			);
			name = Tracker;
			productName = Tracker;
			productReference = 877205272B4BE87E0075D94F /* Tracker.app */;
			productType = "com.apple.product-type.application";
		};
/* End PBXNativeTarget section */

/* Begin PBXProject section */
		8772051F2B4BE87E0075D94F /* Project object */ = {
			isa = PBXProject;
			attributes = {
				BuildIndependentTargetsInParallel = 1;
				LastSwiftUpdateCheck = 1510;
				LastUpgradeCheck = 1510;
				TargetAttributes = {
					877205262B4BE87E0075D94F = {
						CreatedOnToolsVersion = 15.1;
					};
				};
			};
			buildConfigurationList = 877205222B4BE87E0075D94F /* Build configuration list for PBXProject "Tracker" */;
			compatibilityVersion = "Xcode 14.0";
			developmentRegion = en;
			hasScannedForEncodings = 0;
			knownRegions = (
				en,
				Base,
			);
			mainGroup = 8772051E2B4BE87E0075D94F;
			productRefGroup = 877205282B4BE87E0075D94F /* Products */;
			projectDirPath = "";
			projectRoot = "";
			targets = (
				877205262B4BE87E0075D94F /* Tracker */,
			);
		};
/* End PBXProject section */

/* Begin PBXResourcesBuildPhase section */
		877205252B4BE87E0075D94F /* Resources */ = {
			isa = PBXResourcesBuildPhase;
			buildActionMask = 2147483647;
			files = (
				877205372B4BE8800075D94F /* LaunchScreen.storyboard in Resources */,
				877205342B4BE8800075D94F /* Assets.xcassets in Resources */,
			);
			runOnlyForDeploymentPostprocessing = 0;
		};
/* End PBXResourcesBuildPhase section */

/* Begin PBXSourcesBuildPhase section */
		877205232B4BE87E0075D94F /* Sources */ = {
			isa = PBXSourcesBuildPhase;
			buildActionMask = 2147483647;
			files = (
				87988B102B5E84D600342625 /* HabitFormViewController.swift in Sources */,
				8738D8EF2B57F02E00D6975E /* TrackerCell.swift in Sources */,
				8772052F2B4BE87E0075D94F /* ViewController.swift in Sources */,
				87988B222B5EAA7A00342625 /* UITableView + extension.swift in Sources */,
				87988B152B5E985800342625 /* TextField.swift in Sources */,
				872CAB252B4E866500AE1F8A /* TabBarController.swift in Sources */,
				87988B202B5EA93300342625 /* UITableViewCell + extension.swift in Sources */,
				878A07C02B555F2F0082BD0B /* TrackerCategory.swift in Sources */,
				87988B092B5E70D200342625 /* GeometricParams.swift in Sources */,
				87988B182B5E98A700342625 /* TextField + extension.swift in Sources */,
				872CAB282B4E88F700AE1F8A /* TrackersViewController.swift in Sources */,
				87988B132B5E91AB00342625 /* Button.swift in Sources */,
				872CAB2A2B4E890F00AE1F8A /* StatisticViewController.swift in Sources */,
				878A07C22B555F490082BD0B /* TrackerRecord.swift in Sources */,
				87988B0D2B5E77FD00342625 /* TrackerSelectionViewController.swift in Sources */,
				8772052B2B4BE87E0075D94F /* AppDelegate.swift in Sources */,
				8772052D2B4BE87E0075D94F /* SceneDelegate.swift in Sources */,
				878A07BE2B555F050082BD0B /* Tracker.swift in Sources */,
			);
			runOnlyForDeploymentPostprocessing = 0;
		};
/* End PBXSourcesBuildPhase section */

/* Begin PBXVariantGroup section */
		877205352B4BE8800075D94F /* LaunchScreen.storyboard */ = {
			isa = PBXVariantGroup;
			children = (
				877205362B4BE8800075D94F /* Base */,
			);
			name = LaunchScreen.storyboard;
			sourceTree = "<group>";
		};
/* End PBXVariantGroup section */

/* Begin XCBuildConfiguration section */
		877205392B4BE8800075D94F /* Debug */ = {
			isa = XCBuildConfiguration;
			buildSettings = {
				ALWAYS_SEARCH_USER_PATHS = NO;
				ASSETCATALOG_COMPILER_GENERATE_SWIFT_ASSET_SYMBOL_EXTENSIONS = YES;
				CLANG_ANALYZER_NONNULL = YES;
				CLANG_ANALYZER_NUMBER_OBJECT_CONVERSION = YES_AGGRESSIVE;
				CLANG_CXX_LANGUAGE_STANDARD = "gnu++20";
				CLANG_ENABLE_MODULES = YES;
				CLANG_ENABLE_OBJC_ARC = YES;
				CLANG_ENABLE_OBJC_WEAK = YES;
				CLANG_WARN_BLOCK_CAPTURE_AUTORELEASING = YES;
				CLANG_WARN_BOOL_CONVERSION = YES;
				CLANG_WARN_COMMA = YES;
				CLANG_WARN_CONSTANT_CONVERSION = YES;
				CLANG_WARN_DEPRECATED_OBJC_IMPLEMENTATIONS = YES;
				CLANG_WARN_DIRECT_OBJC_ISA_USAGE = YES_ERROR;
				CLANG_WARN_DOCUMENTATION_COMMENTS = YES;
				CLANG_WARN_EMPTY_BODY = YES;
				CLANG_WARN_ENUM_CONVERSION = YES;
				CLANG_WARN_INFINITE_RECURSION = YES;
				CLANG_WARN_INT_CONVERSION = YES;
				CLANG_WARN_NON_LITERAL_NULL_CONVERSION = YES;
				CLANG_WARN_OBJC_IMPLICIT_RETAIN_SELF = YES;
				CLANG_WARN_OBJC_LITERAL_CONVERSION = YES;
				CLANG_WARN_OBJC_ROOT_CLASS = YES_ERROR;
				CLANG_WARN_QUOTED_INCLUDE_IN_FRAMEWORK_HEADER = YES;
				CLANG_WARN_RANGE_LOOP_ANALYSIS = YES;
				CLANG_WARN_STRICT_PROTOTYPES = YES;
				CLANG_WARN_SUSPICIOUS_MOVE = YES;
				CLANG_WARN_UNGUARDED_AVAILABILITY = YES_AGGRESSIVE;
				CLANG_WARN_UNREACHABLE_CODE = YES;
				CLANG_WARN__DUPLICATE_METHOD_MATCH = YES;
				COPY_PHASE_STRIP = NO;
				DEBUG_INFORMATION_FORMAT = dwarf;
				ENABLE_STRICT_OBJC_MSGSEND = YES;
				ENABLE_TESTABILITY = YES;
				ENABLE_USER_SCRIPT_SANDBOXING = YES;
				GCC_C_LANGUAGE_STANDARD = gnu17;
				GCC_DYNAMIC_NO_PIC = NO;
				GCC_NO_COMMON_BLOCKS = YES;
				GCC_OPTIMIZATION_LEVEL = 0;
				GCC_PREPROCESSOR_DEFINITIONS = (
					"DEBUG=1",
					"$(inherited)",
				);
				GCC_WARN_64_TO_32_BIT_CONVERSION = YES;
				GCC_WARN_ABOUT_RETURN_TYPE = YES_ERROR;
				GCC_WARN_UNDECLARED_SELECTOR = YES;
				GCC_WARN_UNINITIALIZED_AUTOS = YES_AGGRESSIVE;
				GCC_WARN_UNUSED_FUNCTION = YES;
				GCC_WARN_UNUSED_VARIABLE = YES;
				IPHONEOS_DEPLOYMENT_TARGET = 17.2;
				LOCALIZATION_PREFERS_STRING_CATALOGS = YES;
				MTL_ENABLE_DEBUG_INFO = INCLUDE_SOURCE;
				MTL_FAST_MATH = YES;
				ONLY_ACTIVE_ARCH = YES;
				SDKROOT = iphoneos;
				SWIFT_ACTIVE_COMPILATION_CONDITIONS = "DEBUG $(inherited)";
				SWIFT_OPTIMIZATION_LEVEL = "-Onone";
			};
			name = Debug;
		};
		8772053A2B4BE8800075D94F /* Release */ = {
			isa = XCBuildConfiguration;
			buildSettings = {
				ALWAYS_SEARCH_USER_PATHS = NO;
				ASSETCATALOG_COMPILER_GENERATE_SWIFT_ASSET_SYMBOL_EXTENSIONS = YES;
				CLANG_ANALYZER_NONNULL = YES;
				CLANG_ANALYZER_NUMBER_OBJECT_CONVERSION = YES_AGGRESSIVE;
				CLANG_CXX_LANGUAGE_STANDARD = "gnu++20";
				CLANG_ENABLE_MODULES = YES;
				CLANG_ENABLE_OBJC_ARC = YES;
				CLANG_ENABLE_OBJC_WEAK = YES;
				CLANG_WARN_BLOCK_CAPTURE_AUTORELEASING = YES;
				CLANG_WARN_BOOL_CONVERSION = YES;
				CLANG_WARN_COMMA = YES;
				CLANG_WARN_CONSTANT_CONVERSION = YES;
				CLANG_WARN_DEPRECATED_OBJC_IMPLEMENTATIONS = YES;
				CLANG_WARN_DIRECT_OBJC_ISA_USAGE = YES_ERROR;
				CLANG_WARN_DOCUMENTATION_COMMENTS = YES;
				CLANG_WARN_EMPTY_BODY = YES;
				CLANG_WARN_ENUM_CONVERSION = YES;
				CLANG_WARN_INFINITE_RECURSION = YES;
				CLANG_WARN_INT_CONVERSION = YES;
				CLANG_WARN_NON_LITERAL_NULL_CONVERSION = YES;
				CLANG_WARN_OBJC_IMPLICIT_RETAIN_SELF = YES;
				CLANG_WARN_OBJC_LITERAL_CONVERSION = YES;
				CLANG_WARN_OBJC_ROOT_CLASS = YES_ERROR;
				CLANG_WARN_QUOTED_INCLUDE_IN_FRAMEWORK_HEADER = YES;
				CLANG_WARN_RANGE_LOOP_ANALYSIS = YES;
				CLANG_WARN_STRICT_PROTOTYPES = YES;
				CLANG_WARN_SUSPICIOUS_MOVE = YES;
				CLANG_WARN_UNGUARDED_AVAILABILITY = YES_AGGRESSIVE;
				CLANG_WARN_UNREACHABLE_CODE = YES;
				CLANG_WARN__DUPLICATE_METHOD_MATCH = YES;
				COPY_PHASE_STRIP = NO;
				DEBUG_INFORMATION_FORMAT = "dwarf-with-dsym";
				ENABLE_NS_ASSERTIONS = NO;
				ENABLE_STRICT_OBJC_MSGSEND = YES;
				ENABLE_USER_SCRIPT_SANDBOXING = YES;
				GCC_C_LANGUAGE_STANDARD = gnu17;
				GCC_NO_COMMON_BLOCKS = YES;
				GCC_WARN_64_TO_32_BIT_CONVERSION = YES;
				GCC_WARN_ABOUT_RETURN_TYPE = YES_ERROR;
				GCC_WARN_UNDECLARED_SELECTOR = YES;
				GCC_WARN_UNINITIALIZED_AUTOS = YES_AGGRESSIVE;
				GCC_WARN_UNUSED_FUNCTION = YES;
				GCC_WARN_UNUSED_VARIABLE = YES;
				IPHONEOS_DEPLOYMENT_TARGET = 17.2;
				LOCALIZATION_PREFERS_STRING_CATALOGS = YES;
				MTL_ENABLE_DEBUG_INFO = NO;
				MTL_FAST_MATH = YES;
				SDKROOT = iphoneos;
				SWIFT_COMPILATION_MODE = wholemodule;
				VALIDATE_PRODUCT = YES;
			};
			name = Release;
		};
		8772053C2B4BE8800075D94F /* Debug */ = {
			isa = XCBuildConfiguration;
			buildSettings = {
				ASSETCATALOG_COMPILER_APPICON_NAME = AppIcon;
				ASSETCATALOG_COMPILER_GLOBAL_ACCENT_COLOR_NAME = AccentColor;
				CODE_SIGN_STYLE = Automatic;
				CURRENT_PROJECT_VERSION = 1;
				DEVELOPMENT_TEAM = AMLNY4CPQ6;
				GENERATE_INFOPLIST_FILE = YES;
				INFOPLIST_FILE = Tracker/Info.plist;
				INFOPLIST_KEY_UIApplicationSupportsIndirectInputEvents = YES;
				INFOPLIST_KEY_UILaunchStoryboardName = LaunchScreen;
				INFOPLIST_KEY_UISupportedInterfaceOrientations = UIInterfaceOrientationPortrait;
				INFOPLIST_KEY_UISupportedInterfaceOrientations_iPad = "UIInterfaceOrientationLandscapeLeft UIInterfaceOrientationLandscapeRight UIInterfaceOrientationPortrait UIInterfaceOrientationPortraitUpsideDown";
				IPHONEOS_DEPLOYMENT_TARGET = 13.4;
				LD_RUNPATH_SEARCH_PATHS = (
					"$(inherited)",
					"@executable_path/Frameworks",
				);
				MARKETING_VERSION = 1.0;
				PRODUCT_BUNDLE_IDENTIFIER = ru.GMG.Tracker.Tracker;
				PRODUCT_NAME = "$(TARGET_NAME)";
				SUPPORTED_PLATFORMS = "iphoneos iphonesimulator";
				SUPPORTS_MACCATALYST = NO;
				SUPPORTS_MAC_DESIGNED_FOR_IPHONE_IPAD = NO;
				SWIFT_EMIT_LOC_STRINGS = YES;
				SWIFT_VERSION = 5.0;
				TARGETED_DEVICE_FAMILY = 1;
			};
			name = Debug;
		};
		8772053D2B4BE8800075D94F /* Release */ = {
			isa = XCBuildConfiguration;
			buildSettings = {
				ASSETCATALOG_COMPILER_APPICON_NAME = AppIcon;
				ASSETCATALOG_COMPILER_GLOBAL_ACCENT_COLOR_NAME = AccentColor;
				CODE_SIGN_STYLE = Automatic;
				CURRENT_PROJECT_VERSION = 1;
				DEVELOPMENT_TEAM = AMLNY4CPQ6;
				GENERATE_INFOPLIST_FILE = YES;
				INFOPLIST_FILE = Tracker/Info.plist;
				INFOPLIST_KEY_UIApplicationSupportsIndirectInputEvents = YES;
				INFOPLIST_KEY_UILaunchStoryboardName = LaunchScreen;
				INFOPLIST_KEY_UISupportedInterfaceOrientations = UIInterfaceOrientationPortrait;
				INFOPLIST_KEY_UISupportedInterfaceOrientations_iPad = "UIInterfaceOrientationLandscapeLeft UIInterfaceOrientationLandscapeRight UIInterfaceOrientationPortrait UIInterfaceOrientationPortraitUpsideDown";
				IPHONEOS_DEPLOYMENT_TARGET = 13.4;
				LD_RUNPATH_SEARCH_PATHS = (
					"$(inherited)",
					"@executable_path/Frameworks",
				);
				MARKETING_VERSION = 1.0;
				PRODUCT_BUNDLE_IDENTIFIER = ru.GMG.Tracker.Tracker;
				PRODUCT_NAME = "$(TARGET_NAME)";
				SUPPORTED_PLATFORMS = "iphoneos iphonesimulator";
				SUPPORTS_MACCATALYST = NO;
				SUPPORTS_MAC_DESIGNED_FOR_IPHONE_IPAD = NO;
				SWIFT_EMIT_LOC_STRINGS = YES;
				SWIFT_VERSION = 5.0;
				TARGETED_DEVICE_FAMILY = 1;
			};
			name = Release;
		};
/* End XCBuildConfiguration section */

/* Begin XCConfigurationList section */
		877205222B4BE87E0075D94F /* Build configuration list for PBXProject "Tracker" */ = {
			isa = XCConfigurationList;
			buildConfigurations = (
				877205392B4BE8800075D94F /* Debug */,
				8772053A2B4BE8800075D94F /* Release */,
			);
			defaultConfigurationIsVisible = 0;
			defaultConfigurationName = Release;
		};
		8772053B2B4BE8800075D94F /* Build configuration list for PBXNativeTarget "Tracker" */ = {
			isa = XCConfigurationList;
			buildConfigurations = (
				8772053C2B4BE8800075D94F /* Debug */,
				8772053D2B4BE8800075D94F /* Release */,
			);
			defaultConfigurationIsVisible = 0;
			defaultConfigurationName = Release;
		};
/* End XCConfigurationList section */
	};
	rootObject = 8772051F2B4BE87E0075D94F /* Project object */;
}
